
Microsoft Visual Studio Solution File, Format Version 12.00
# Visual Studio Version 16
VisualStudioVersion = 16.0.31624.102
MinimumVisualStudioVersion = 10.0.40219.1
Project("{FAE04EC0-301F-11D3-BF4B-00C04F79EFBC}") = "AsKubraBas", "AsKubraBas\AsKubraBas.csproj", "{833D999D-F48C-46CE-B4FD-F31D476764DD}"
EndProject
Global
	GlobalSection(SolutionConfigurationPlatforms) = preSolution
		Debug|Any CPU = Debug|Any CPU
		Release|Any CPU = Release|Any CPU
	EndGlobalSection
	GlobalSection(ProjectConfigurationPlatforms) = postSolution
		{833D999D-F48C-46CE-B4FD-F31D476764DD}.Debug|Any CPU.ActiveCfg = Debug|Any CPU
		{833D999D-F48C-46CE-B4FD-F31D476764DD}.Debug|Any CPU.Build.0 = Debug|Any CPU
		{833D999D-F48C-46CE-B4FD-F31D476764DD}.Release|Any CPU.ActiveCfg = Release|Any CPU
		{833D999D-F48C-46CE-B4FD-F31D476764DD}.Release|Any CPU.Build.0 = Release|Any CPU
	EndGlobalSection
	GlobalSection(SolutionProperties) = preSolution
		HideSolutionNode = FALSE
	EndGlobalSection
	GlobalSection(ExtensibilityGlobals) = postSolution
		SolutionGuid = {3AAA2288-82A2-41C1-93B4-4D3E345DFC06}
	EndGlobalSection
EndGlobal
